// !$*UTF8*$!
{
	archiveVersion = 1;
	classes = {
	};
	objectVersion = 50;
	objects = {

/* Begin PBXBuildFile section */
		8418258324D31D38004814EB /* main.cpp in Sources */ = {isa = PBXBuildFile; fileRef = 8418258224D31D38004814EB /* main.cpp */; };
		8418258924D31D5D004814EB /* CoursesSchedule.cpp in Sources */ = {isa = PBXBuildFile; fileRef = 8418258724D31D5D004814EB /* CoursesSchedule.cpp */; };
		8418259924D356D0004814EB /* main.cpp in Sources */ = {isa = PBXBuildFile; fileRef = 8418259824D356CF004814EB /* main.cpp */; };
		8418259C24D3D6B1004814EB /* CoursesSchedule2.cpp in Sources */ = {isa = PBXBuildFile; fileRef = 8418259A24D3D6B1004814EB /* CoursesSchedule2.cpp */; };
		841825A424D46A02004814EB /* main.cpp in Sources */ = {isa = PBXBuildFile; fileRef = 841825A324D46A02004814EB /* main.cpp */; };
		8462997F24BCB1CB00EC11B3 /* main.cpp in Sources */ = {isa = PBXBuildFile; fileRef = 8462997E24BCB1CB00EC11B3 /* main.cpp */; };
		8462998B24BCB3CA00EC11B3 /* Queue.cpp in Sources */ = {isa = PBXBuildFile; fileRef = 8462998924BCB3CA00EC11B3 /* Queue.cpp */; };
		846BE32024DAFF86009C04E6 /* main.swift in Sources */ = {isa = PBXBuildFile; fileRef = 846BE31F24DAFF86009C04E6 /* main.swift */; };
		846BE32724DB0357009C04E6 /* MST.swift in Sources */ = {isa = PBXBuildFile; fileRef = 846BE32624DB0357009C04E6 /* MST.swift */; };
		846BE32924DB06E5009C04E6 /* IndexPriorityQueue.swift in Sources */ = {isa = PBXBuildFile; fileRef = 846BE32824DB06E5009C04E6 /* IndexPriorityQueue.swift */; };
		8470CFF924CB2E4E00021D4B /* main.cpp in Sources */ = {isa = PBXBuildFile; fileRef = 8470CFF824CB2E4E00021D4B /* main.cpp */; };
		8472D0E024B5C6CD000B57C7 /* main.cpp in Sources */ = {isa = PBXBuildFile; fileRef = 8472D0DF24B5C6CD000B57C7 /* main.cpp */; };
		8487A36B24D06CB000167EEB /* main.swift in Sources */ = {isa = PBXBuildFile; fileRef = 8487A36A24D06CB000167EEB /* main.swift */; };
		8487A37024D06CC400167EEB /* UF.swift in Sources */ = {isa = PBXBuildFile; fileRef = 8487A36F24D06CC400167EEB /* UF.swift */; };
		84A347DC24BCDCBD009B7E71 /* QueueIterator.cpp in Sources */ = {isa = PBXBuildFile; fileRef = 84A347DA24BCDCBD009B7E71 /* QueueIterator.cpp */; };
		84A347E724BD0C97009B7E71 /* Bag.cpp in Sources */ = {isa = PBXBuildFile; fileRef = 84A347E324BD0C97009B7E71 /* Bag.cpp */; };
		84A347E824BD0C97009B7E71 /* BagIterator.cpp in Sources */ = {isa = PBXBuildFile; fileRef = 84A347E524BD0C97009B7E71 /* BagIterator.cpp */; };
		84A347EB24BD13B8009B7E71 /* Stack.cpp in Sources */ = {isa = PBXBuildFile; fileRef = 84A347E924BD13B8009B7E71 /* Stack.cpp */; };
		84A347EE24BD13C7009B7E71 /* StackIterator.cpp in Sources */ = {isa = PBXBuildFile; fileRef = 84A347EC24BD13C7009B7E71 /* StackIterator.cpp */; };
		84B9DB7024A653D8007023DF /* Backtracking.cpp in Sources */ = {isa = PBXBuildFile; fileRef = 84B9DB6D24A653C6007023DF /* Backtracking.cpp */; };
		84B9DB7324A6577E007023DF /* Evaluation.cpp in Sources */ = {isa = PBXBuildFile; fileRef = 84B9DB7124A6577E007023DF /* Evaluation.cpp */; };
		84BF3DB624BF69E300130244 /* main.swift in Sources */ = {isa = PBXBuildFile; fileRef = 84BF3DB524BF69E300130244 /* main.swift */; };
		84C8756924B8B488008B3525 /* main.swift in Sources */ = {isa = PBXBuildFile; fileRef = 84C8756824B8B488008B3525 /* main.swift */; };
		84C8756E24B8B4BD008B3525 /* QueenSolver.swift in Sources */ = {isa = PBXBuildFile; fileRef = 84C8756D24B8B4BD008B3525 /* QueenSolver.swift */; };
		84C8757024B8B4EF008B3525 /* Board.swift in Sources */ = {isa = PBXBuildFile; fileRef = 84C8756F24B8B4EF008B3525 /* Board.swift */; };
		84CFBBFA24C028C40085B2C7 /* main.cpp in Sources */ = {isa = PBXBuildFile; fileRef = 84CFBBF924C028C40085B2C7 /* main.cpp */; };
		84D0603224C73FF200564104 /* main.cpp in Sources */ = {isa = PBXBuildFile; fileRef = 84D0603124C73FF200564104 /* main.cpp */; };
		84D0604224C757CB00564104 /* main.cpp in Sources */ = {isa = PBXBuildFile; fileRef = 84D0604124C757CB00564104 /* main.cpp */; };
		84D26D1924C9D8CB001915A9 /* main.cpp in Sources */ = {isa = PBXBuildFile; fileRef = 84D26D1824C9D8CB001915A9 /* main.cpp */; };
		84F7B80A24A3937000BBC3C4 /* main.cpp in Sources */ = {isa = PBXBuildFile; fileRef = 84F7B80924A3937000BBC3C4 /* main.cpp */; };
		84F7B81724A3BFA400BBC3C4 /* main.cpp in Sources */ = {isa = PBXBuildFile; fileRef = 84F7B81624A3BFA400BBC3C4 /* main.cpp */; };
		84F7B82324A505DE00BBC3C4 /* main.cpp in Sources */ = {isa = PBXBuildFile; fileRef = 84F7B82224A505DE00BBC3C4 /* main.cpp */; };
		84F7B83924A507CB00BBC3C4 /* main.swift in Sources */ = {isa = PBXBuildFile; fileRef = 84F7B83824A507CB00BBC3C4 /* main.swift */; };
/* End PBXBuildFile section */

/* Begin PBXCopyFilesBuildPhase section */
		8418257E24D31D37004814EB /* CopyFiles */ = {
			isa = PBXCopyFilesBuildPhase;
			buildActionMask = 2147483647;
			dstPath = /usr/share/man/man1/;
			dstSubfolderSpec = 0;
			files = (
			);
			runOnlyForDeploymentPostprocessing = 1;
		};
		8418258F24D3568C004814EB /* CopyFiles */ = {
			isa = PBXCopyFilesBuildPhase;
			buildActionMask = 2147483647;
			dstPath = /usr/share/man/man1/;
			dstSubfolderSpec = 0;
			files = (
			);
			runOnlyForDeploymentPostprocessing = 1;
		};
		8418259F24D46A01004814EB /* CopyFiles */ = {
			isa = PBXCopyFilesBuildPhase;
			buildActionMask = 2147483647;
			dstPath = /usr/share/man/man1/;
			dstSubfolderSpec = 0;
			files = (
			);
			runOnlyForDeploymentPostprocessing = 1;
		};
		8462997A24BCB1CB00EC11B3 /* CopyFiles */ = {
			isa = PBXCopyFilesBuildPhase;
			buildActionMask = 2147483647;
			dstPath = /usr/share/man/man1/;
			dstSubfolderSpec = 0;
			files = (
			);
			runOnlyForDeploymentPostprocessing = 1;
		};
		846BE31B24DAFF86009C04E6 /* CopyFiles */ = {
			isa = PBXCopyFilesBuildPhase;
			buildActionMask = 2147483647;
			dstPath = /usr/share/man/man1/;
			dstSubfolderSpec = 0;
			files = (
			);
			runOnlyForDeploymentPostprocessing = 1;
		};
		8470CFF424CB2E4E00021D4B /* CopyFiles */ = {
			isa = PBXCopyFilesBuildPhase;
			buildActionMask = 2147483647;
			dstPath = /usr/share/man/man1/;
			dstSubfolderSpec = 0;
			files = (
			);
			runOnlyForDeploymentPostprocessing = 1;
		};
		8472D0DB24B5C6CD000B57C7 /* CopyFiles */ = {
			isa = PBXCopyFilesBuildPhase;
			buildActionMask = 2147483647;
			dstPath = /usr/share/man/man1/;
			dstSubfolderSpec = 0;
			files = (
			);
			runOnlyForDeploymentPostprocessing = 1;
		};
		8487A36624D06CB000167EEB /* CopyFiles */ = {
			isa = PBXCopyFilesBuildPhase;
			buildActionMask = 2147483647;
			dstPath = /usr/share/man/man1/;
			dstSubfolderSpec = 0;
			files = (
			);
			runOnlyForDeploymentPostprocessing = 1;
		};
		84BF3DB124BF69E300130244 /* CopyFiles */ = {
			isa = PBXCopyFilesBuildPhase;
			buildActionMask = 2147483647;
			dstPath = /usr/share/man/man1/;
			dstSubfolderSpec = 0;
			files = (
			);
			runOnlyForDeploymentPostprocessing = 1;
		};
		84C8756424B8B488008B3525 /* CopyFiles */ = {
			isa = PBXCopyFilesBuildPhase;
			buildActionMask = 2147483647;
			dstPath = /usr/share/man/man1/;
			dstSubfolderSpec = 0;
			files = (
			);
			runOnlyForDeploymentPostprocessing = 1;
		};
		84CFBBF524C028C30085B2C7 /* CopyFiles */ = {
			isa = PBXCopyFilesBuildPhase;
			buildActionMask = 2147483647;
			dstPath = /usr/share/man/man1/;
			dstSubfolderSpec = 0;
			files = (
			);
			runOnlyForDeploymentPostprocessing = 1;
		};
		84D0602D24C73FF200564104 /* CopyFiles */ = {
			isa = PBXCopyFilesBuildPhase;
			buildActionMask = 2147483647;
			dstPath = /usr/share/man/man1/;
			dstSubfolderSpec = 0;
			files = (
			);
			runOnlyForDeploymentPostprocessing = 1;
		};
		84D0603824C757A400564104 /* CopyFiles */ = {
			isa = PBXCopyFilesBuildPhase;
			buildActionMask = 2147483647;
			dstPath = /usr/share/man/man1/;
			dstSubfolderSpec = 0;
			files = (
			);
			runOnlyForDeploymentPostprocessing = 1;
		};
		84D26D1424C9D8CB001915A9 /* CopyFiles */ = {
			isa = PBXCopyFilesBuildPhase;
			buildActionMask = 2147483647;
			dstPath = /usr/share/man/man1/;
			dstSubfolderSpec = 0;
			files = (
			);
			runOnlyForDeploymentPostprocessing = 1;
		};
		84F7B80424A3937000BBC3C4 /* CopyFiles */ = {
			isa = PBXCopyFilesBuildPhase;
			buildActionMask = 2147483647;
			dstPath = /usr/share/man/man1/;
			dstSubfolderSpec = 0;
			files = (
			);
			runOnlyForDeploymentPostprocessing = 1;
		};
		84F7B81224A3BFA400BBC3C4 /* CopyFiles */ = {
			isa = PBXCopyFilesBuildPhase;
			buildActionMask = 2147483647;
			dstPath = /usr/share/man/man1/;
			dstSubfolderSpec = 0;
			files = (
			);
			runOnlyForDeploymentPostprocessing = 1;
		};
		84F7B81E24A505DE00BBC3C4 /* CopyFiles */ = {
			isa = PBXCopyFilesBuildPhase;
			buildActionMask = 2147483647;
			dstPath = /usr/share/man/man1/;
			dstSubfolderSpec = 0;
			files = (
			);
			runOnlyForDeploymentPostprocessing = 1;
		};
		84F7B83424A507CB00BBC3C4 /* CopyFiles */ = {
			isa = PBXCopyFilesBuildPhase;
			buildActionMask = 2147483647;
			dstPath = /usr/share/man/man1/;
			dstSubfolderSpec = 0;
			files = (
			);
			runOnlyForDeploymentPostprocessing = 1;
		};
/* End PBXCopyFilesBuildPhase section */

/* Begin PBXFileReference section */
		8418258024D31D37004814EB /* TopSort */ = {isa = PBXFileReference; explicitFileType = "compiled.mach-o.executable"; includeInIndex = 0; path = TopSort; sourceTree = BUILT_PRODUCTS_DIR; };
		8418258224D31D38004814EB /* main.cpp */ = {isa = PBXFileReference; lastKnownFileType = sourcecode.cpp.cpp; path = main.cpp; sourceTree = "<group>"; };
		8418258724D31D5D004814EB /* CoursesSchedule.cpp */ = {isa = PBXFileReference; lastKnownFileType = sourcecode.cpp.cpp; path = CoursesSchedule.cpp; sourceTree = "<group>"; };
		8418258824D31D5D004814EB /* CoursesSchedule.hpp */ = {isa = PBXFileReference; lastKnownFileType = sourcecode.cpp.h; path = CoursesSchedule.hpp; sourceTree = "<group>"; };
		8418259124D3568C004814EB /* TomatoFarm */ = {isa = PBXFileReference; explicitFileType = "compiled.mach-o.executable"; includeInIndex = 0; path = TomatoFarm; sourceTree = BUILT_PRODUCTS_DIR; };
		8418259824D356CF004814EB /* main.cpp */ = {isa = PBXFileReference; fileEncoding = 4; lastKnownFileType = sourcecode.cpp.cpp; path = main.cpp; sourceTree = "<group>"; };
		8418259A24D3D6B1004814EB /* CoursesSchedule2.cpp */ = {isa = PBXFileReference; lastKnownFileType = sourcecode.cpp.cpp; path = CoursesSchedule2.cpp; sourceTree = "<group>"; };
		8418259B24D3D6B1004814EB /* CoursesSchedule2.hpp */ = {isa = PBXFileReference; lastKnownFileType = sourcecode.cpp.h; path = CoursesSchedule2.hpp; sourceTree = "<group>"; };
		841825A124D46A01004814EB /* Greedy */ = {isa = PBXFileReference; explicitFileType = "compiled.mach-o.executable"; includeInIndex = 0; path = Greedy; sourceTree = BUILT_PRODUCTS_DIR; };
		841825A324D46A02004814EB /* main.cpp */ = {isa = PBXFileReference; lastKnownFileType = sourcecode.cpp.cpp; path = main.cpp; sourceTree = "<group>"; };
		8462997C24BCB1CB00EC11B3 /* Iterator */ = {isa = PBXFileReference; explicitFileType = "compiled.mach-o.executable"; includeInIndex = 0; path = Iterator; sourceTree = BUILT_PRODUCTS_DIR; };
		8462997E24BCB1CB00EC11B3 /* main.cpp */ = {isa = PBXFileReference; lastKnownFileType = sourcecode.cpp.cpp; path = main.cpp; sourceTree = "<group>"; };
		8462998924BCB3CA00EC11B3 /* Queue.cpp */ = {isa = PBXFileReference; lastKnownFileType = sourcecode.cpp.cpp; path = Queue.cpp; sourceTree = "<group>"; };
		8462998A24BCB3CA00EC11B3 /* Queue.hpp */ = {isa = PBXFileReference; lastKnownFileType = sourcecode.cpp.h; path = Queue.hpp; sourceTree = "<group>"; };
		846BE31D24DAFF86009C04E6 /* MST */ = {isa = PBXFileReference; explicitFileType = "compiled.mach-o.executable"; includeInIndex = 0; path = MST; sourceTree = BUILT_PRODUCTS_DIR; };
		846BE31F24DAFF86009C04E6 /* main.swift */ = {isa = PBXFileReference; lastKnownFileType = sourcecode.swift; path = main.swift; sourceTree = "<group>"; };
		846BE32624DB0357009C04E6 /* MST.swift */ = {isa = PBXFileReference; fileEncoding = 4; lastKnownFileType = sourcecode.swift; path = MST.swift; sourceTree = "<group>"; };
		846BE32824DB06E5009C04E6 /* IndexPriorityQueue.swift */ = {isa = PBXFileReference; lastKnownFileType = sourcecode.swift; path = IndexPriorityQueue.swift; sourceTree = "<group>"; };
		8470CFF624CB2E4E00021D4B /* SushiReviews */ = {isa = PBXFileReference; explicitFileType = "compiled.mach-o.executable"; includeInIndex = 0; path = SushiReviews; sourceTree = BUILT_PRODUCTS_DIR; };
		8470CFF824CB2E4E00021D4B /* main.cpp */ = {isa = PBXFileReference; lastKnownFileType = sourcecode.cpp.cpp; path = main.cpp; sourceTree = "<group>"; };
		8472D0DD24B5C6CD000B57C7 /* QuickSort */ = {isa = PBXFileReference; explicitFileType = "compiled.mach-o.executable"; includeInIndex = 0; path = QuickSort; sourceTree = BUILT_PRODUCTS_DIR; };
		8472D0DF24B5C6CD000B57C7 /* main.cpp */ = {isa = PBXFileReference; lastKnownFileType = sourcecode.cpp.cpp; path = main.cpp; sourceTree = "<group>"; };
		8487A36824D06CB000167EEB /* UF */ = {isa = PBXFileReference; explicitFileType = "compiled.mach-o.executable"; includeInIndex = 0; path = UF; sourceTree = BUILT_PRODUCTS_DIR; };
		8487A36A24D06CB000167EEB /* main.swift */ = {isa = PBXFileReference; lastKnownFileType = sourcecode.swift; path = main.swift; sourceTree = "<group>"; };
		8487A36F24D06CC400167EEB /* UF.swift */ = {isa = PBXFileReference; fileEncoding = 4; lastKnownFileType = sourcecode.swift; name = UF.swift; path = ../../../../Downloads/UF.swift; sourceTree = "<group>"; };
		84A347DA24BCDCBD009B7E71 /* QueueIterator.cpp */ = {isa = PBXFileReference; lastKnownFileType = sourcecode.cpp.cpp; path = QueueIterator.cpp; sourceTree = "<group>"; };
		84A347DB24BCDCBD009B7E71 /* QueueIterator.hpp */ = {isa = PBXFileReference; lastKnownFileType = sourcecode.cpp.h; path = QueueIterator.hpp; sourceTree = "<group>"; };
		84A347E324BD0C97009B7E71 /* Bag.cpp */ = {isa = PBXFileReference; fileEncoding = 4; lastKnownFileType = sourcecode.cpp.cpp; path = Bag.cpp; sourceTree = "<group>"; };
		84A347E424BD0C97009B7E71 /* BagIterator.hpp */ = {isa = PBXFileReference; fileEncoding = 4; lastKnownFileType = sourcecode.cpp.h; path = BagIterator.hpp; sourceTree = "<group>"; };
		84A347E524BD0C97009B7E71 /* BagIterator.cpp */ = {isa = PBXFileReference; fileEncoding = 4; lastKnownFileType = sourcecode.cpp.cpp; path = BagIterator.cpp; sourceTree = "<group>"; };
		84A347E624BD0C97009B7E71 /* Bag.hpp */ = {isa = PBXFileReference; fileEncoding = 4; lastKnownFileType = sourcecode.cpp.h; path = Bag.hpp; sourceTree = "<group>"; };
		84A347E924BD13B8009B7E71 /* Stack.cpp */ = {isa = PBXFileReference; lastKnownFileType = sourcecode.cpp.cpp; path = Stack.cpp; sourceTree = "<group>"; };
		84A347EA24BD13B8009B7E71 /* Stack.hpp */ = {isa = PBXFileReference; lastKnownFileType = sourcecode.cpp.h; path = Stack.hpp; sourceTree = "<group>"; };
		84A347EC24BD13C7009B7E71 /* StackIterator.cpp */ = {isa = PBXFileReference; lastKnownFileType = sourcecode.cpp.cpp; path = StackIterator.cpp; sourceTree = "<group>"; };
		84A347ED24BD13C7009B7E71 /* StackIterator.hpp */ = {isa = PBXFileReference; lastKnownFileType = sourcecode.cpp.h; path = StackIterator.hpp; sourceTree = "<group>"; };
		84B9DB6D24A653C6007023DF /* Backtracking.cpp */ = {isa = PBXFileReference; lastKnownFileType = sourcecode.cpp.cpp; path = Backtracking.cpp; sourceTree = "<group>"; };
		84B9DB6E24A653C6007023DF /* Backtracking.hpp */ = {isa = PBXFileReference; lastKnownFileType = sourcecode.cpp.h; path = Backtracking.hpp; sourceTree = "<group>"; };
		84B9DB7124A6577E007023DF /* Evaluation.cpp */ = {isa = PBXFileReference; lastKnownFileType = sourcecode.cpp.cpp; path = Evaluation.cpp; sourceTree = "<group>"; };
		84B9DB7224A6577E007023DF /* Evaluation.hpp */ = {isa = PBXFileReference; lastKnownFileType = sourcecode.cpp.h; path = Evaluation.hpp; sourceTree = "<group>"; };
		84BF3DB324BF69E300130244 /* GroupPresentation */ = {isa = PBXFileReference; explicitFileType = "compiled.mach-o.executable"; includeInIndex = 0; path = GroupPresentation; sourceTree = BUILT_PRODUCTS_DIR; };
		84BF3DB524BF69E300130244 /* main.swift */ = {isa = PBXFileReference; lastKnownFileType = sourcecode.swift; path = main.swift; sourceTree = "<group>"; };
		84C8756624B8B488008B3525 /* NQueen */ = {isa = PBXFileReference; explicitFileType = "compiled.mach-o.executable"; includeInIndex = 0; path = NQueen; sourceTree = BUILT_PRODUCTS_DIR; };
		84C8756824B8B488008B3525 /* main.swift */ = {isa = PBXFileReference; lastKnownFileType = sourcecode.swift; path = main.swift; sourceTree = "<group>"; };
		84C8756D24B8B4BD008B3525 /* QueenSolver.swift */ = {isa = PBXFileReference; lastKnownFileType = sourcecode.swift; path = QueenSolver.swift; sourceTree = "<group>"; };
		84C8756F24B8B4EF008B3525 /* Board.swift */ = {isa = PBXFileReference; lastKnownFileType = sourcecode.swift; path = Board.swift; sourceTree = "<group>"; };
		84CFBBF724C028C30085B2C7 /* GroupPresentation2 */ = {isa = PBXFileReference; explicitFileType = "compiled.mach-o.executable"; includeInIndex = 0; path = GroupPresentation2; sourceTree = BUILT_PRODUCTS_DIR; };
		84CFBBF924C028C40085B2C7 /* main.cpp */ = {isa = PBXFileReference; lastKnownFileType = sourcecode.cpp.cpp; path = main.cpp; sourceTree = "<group>"; };
		84D0602F24C73FF200564104 /* LCA */ = {isa = PBXFileReference; explicitFileType = "compiled.mach-o.executable"; includeInIndex = 0; path = LCA; sourceTree = BUILT_PRODUCTS_DIR; };
		84D0603124C73FF200564104 /* main.cpp */ = {isa = PBXFileReference; lastKnownFileType = sourcecode.cpp.cpp; path = main.cpp; sourceTree = "<group>"; };
		84D0603A24C757A400564104 /* Tree */ = {isa = PBXFileReference; explicitFileType = "compiled.mach-o.executable"; includeInIndex = 0; path = Tree; sourceTree = BUILT_PRODUCTS_DIR; };
		84D0604124C757CB00564104 /* main.cpp */ = {isa = PBXFileReference; fileEncoding = 4; lastKnownFileType = sourcecode.cpp.cpp; path = main.cpp; sourceTree = "<group>"; };
		84D26D1624C9D8CB001915A9 /* Graph */ = {isa = PBXFileReference; explicitFileType = "compiled.mach-o.executable"; includeInIndex = 0; path = Graph; sourceTree = BUILT_PRODUCTS_DIR; };
		84D26D1824C9D8CB001915A9 /* main.cpp */ = {isa = PBXFileReference; lastKnownFileType = sourcecode.cpp.cpp; path = main.cpp; sourceTree = "<group>"; };
		84F7B80624A3937000BBC3C4 /* CppAGOS */ = {isa = PBXFileReference; explicitFileType = "compiled.mach-o.executable"; includeInIndex = 0; path = CppAGOS; sourceTree = BUILT_PRODUCTS_DIR; };
		84F7B80924A3937000BBC3C4 /* main.cpp */ = {isa = PBXFileReference; lastKnownFileType = sourcecode.cpp.cpp; path = main.cpp; sourceTree = "<group>"; };
		84F7B81424A3BFA400BBC3C4 /* Recursion */ = {isa = PBXFileReference; explicitFileType = "compiled.mach-o.executable"; includeInIndex = 0; path = Recursion; sourceTree = BUILT_PRODUCTS_DIR; };
		84F7B81624A3BFA400BBC3C4 /* main.cpp */ = {isa = PBXFileReference; lastKnownFileType = sourcecode.cpp.cpp; path = main.cpp; sourceTree = "<group>"; };
		84F7B82024A505DE00BBC3C4 /* Evaluation */ = {isa = PBXFileReference; explicitFileType = "compiled.mach-o.executable"; includeInIndex = 0; path = Evaluation; sourceTree = BUILT_PRODUCTS_DIR; };
		84F7B82224A505DE00BBC3C4 /* main.cpp */ = {isa = PBXFileReference; lastKnownFileType = sourcecode.cpp.cpp; path = main.cpp; sourceTree = "<group>"; };
		84F7B83624A507CB00BBC3C4 /* MiniProject1 */ = {isa = PBXFileReference; explicitFileType = "compiled.mach-o.executable"; includeInIndex = 0; path = MiniProject1; sourceTree = BUILT_PRODUCTS_DIR; };
		84F7B83824A507CB00BBC3C4 /* main.swift */ = {isa = PBXFileReference; lastKnownFileType = sourcecode.swift; path = main.swift; sourceTree = "<group>"; };
/* End PBXFileReference section */

/* Begin PBXFrameworksBuildPhase section */
		8418257D24D31D37004814EB /* Frameworks */ = {
			isa = PBXFrameworksBuildPhase;
			buildActionMask = 2147483647;
			files = (
			);
			runOnlyForDeploymentPostprocessing = 0;
		};
		8418258E24D3568C004814EB /* Frameworks */ = {
			isa = PBXFrameworksBuildPhase;
			buildActionMask = 2147483647;
			files = (
			);
			runOnlyForDeploymentPostprocessing = 0;
		};
		8418259E24D46A01004814EB /* Frameworks */ = {
			isa = PBXFrameworksBuildPhase;
			buildActionMask = 2147483647;
			files = (
			);
			runOnlyForDeploymentPostprocessing = 0;
		};
		8462997924BCB1CB00EC11B3 /* Frameworks */ = {
			isa = PBXFrameworksBuildPhase;
			buildActionMask = 2147483647;
			files = (
			);
			runOnlyForDeploymentPostprocessing = 0;
		};
		846BE31A24DAFF86009C04E6 /* Frameworks */ = {
			isa = PBXFrameworksBuildPhase;
			buildActionMask = 2147483647;
			files = (
			);
			runOnlyForDeploymentPostprocessing = 0;
		};
		8470CFF324CB2E4E00021D4B /* Frameworks */ = {
			isa = PBXFrameworksBuildPhase;
			buildActionMask = 2147483647;
			files = (
			);
			runOnlyForDeploymentPostprocessing = 0;
		};
		8472D0DA24B5C6CD000B57C7 /* Frameworks */ = {
			isa = PBXFrameworksBuildPhase;
			buildActionMask = 2147483647;
			files = (
			);
			runOnlyForDeploymentPostprocessing = 0;
		};
		8487A36524D06CB000167EEB /* Frameworks */ = {
			isa = PBXFrameworksBuildPhase;
			buildActionMask = 2147483647;
			files = (
			);
			runOnlyForDeploymentPostprocessing = 0;
		};
		84BF3DB024BF69E300130244 /* Frameworks */ = {
			isa = PBXFrameworksBuildPhase;
			buildActionMask = 2147483647;
			files = (
			);
			runOnlyForDeploymentPostprocessing = 0;
		};
		84C8756324B8B488008B3525 /* Frameworks */ = {
			isa = PBXFrameworksBuildPhase;
			buildActionMask = 2147483647;
			files = (
			);
			runOnlyForDeploymentPostprocessing = 0;
		};
		84CFBBF424C028C30085B2C7 /* Frameworks */ = {
			isa = PBXFrameworksBuildPhase;
			buildActionMask = 2147483647;
			files = (
			);
			runOnlyForDeploymentPostprocessing = 0;
		};
		84D0602C24C73FF200564104 /* Frameworks */ = {
			isa = PBXFrameworksBuildPhase;
			buildActionMask = 2147483647;
			files = (
			);
			runOnlyForDeploymentPostprocessing = 0;
		};
		84D0603724C757A400564104 /* Frameworks */ = {
			isa = PBXFrameworksBuildPhase;
			buildActionMask = 2147483647;
			files = (
			);
			runOnlyForDeploymentPostprocessing = 0;
		};
		84D26D1324C9D8CB001915A9 /* Frameworks */ = {
			isa = PBXFrameworksBuildPhase;
			buildActionMask = 2147483647;
			files = (
			);
			runOnlyForDeploymentPostprocessing = 0;
		};
		84F7B80324A3937000BBC3C4 /* Frameworks */ = {
			isa = PBXFrameworksBuildPhase;
			buildActionMask = 2147483647;
			files = (
			);
			runOnlyForDeploymentPostprocessing = 0;
		};
		84F7B81124A3BFA400BBC3C4 /* Frameworks */ = {
			isa = PBXFrameworksBuildPhase;
			buildActionMask = 2147483647;
			files = (
			);
			runOnlyForDeploymentPostprocessing = 0;
		};
		84F7B81D24A505DE00BBC3C4 /* Frameworks */ = {
			isa = PBXFrameworksBuildPhase;
			buildActionMask = 2147483647;
			files = (
			);
			runOnlyForDeploymentPostprocessing = 0;
		};
		84F7B83324A507CB00BBC3C4 /* Frameworks */ = {
			isa = PBXFrameworksBuildPhase;
			buildActionMask = 2147483647;
			files = (
			);
			runOnlyForDeploymentPostprocessing = 0;
		};
/* End PBXFrameworksBuildPhase section */

/* Begin PBXGroup section */
		8418258124D31D37004814EB /* TopSort */ = {
			isa = PBXGroup;
			children = (
				8418258224D31D38004814EB /* main.cpp */,
				8418258724D31D5D004814EB /* CoursesSchedule.cpp */,
				8418258824D31D5D004814EB /* CoursesSchedule.hpp */,
				8418259A24D3D6B1004814EB /* CoursesSchedule2.cpp */,
				8418259B24D3D6B1004814EB /* CoursesSchedule2.hpp */,
			);
			path = TopSort;
			sourceTree = "<group>";
		};
		8418259224D3568C004814EB /* TomatoFarm */ = {
			isa = PBXGroup;
			children = (
				8418259824D356CF004814EB /* main.cpp */,
			);
			path = TomatoFarm;
			sourceTree = "<group>";
		};
		841825A224D46A02004814EB /* Greedy */ = {
			isa = PBXGroup;
			children = (
				841825A324D46A02004814EB /* main.cpp */,
			);
			path = Greedy;
			sourceTree = "<group>";
		};
		8462997D24BCB1CB00EC11B3 /* Iterator */ = {
			isa = PBXGroup;
			children = (
				8462997E24BCB1CB00EC11B3 /* main.cpp */,
				84A347E324BD0C97009B7E71 /* Bag.cpp */,
				84A347E624BD0C97009B7E71 /* Bag.hpp */,
				84A347E924BD13B8009B7E71 /* Stack.cpp */,
				84A347EA24BD13B8009B7E71 /* Stack.hpp */,
				84A347EC24BD13C7009B7E71 /* StackIterator.cpp */,
				84A347ED24BD13C7009B7E71 /* StackIterator.hpp */,
				84A347E524BD0C97009B7E71 /* BagIterator.cpp */,
				84A347E424BD0C97009B7E71 /* BagIterator.hpp */,
				8462998924BCB3CA00EC11B3 /* Queue.cpp */,
				8462998A24BCB3CA00EC11B3 /* Queue.hpp */,
				84A347DA24BCDCBD009B7E71 /* QueueIterator.cpp */,
				84A347DB24BCDCBD009B7E71 /* QueueIterator.hpp */,
			);
			path = Iterator;
			sourceTree = "<group>";
		};
		846BE31E24DAFF86009C04E6 /* MST */ = {
			isa = PBXGroup;
			children = (
				846BE31F24DAFF86009C04E6 /* main.swift */,
				846BE32624DB0357009C04E6 /* MST.swift */,
				846BE32824DB06E5009C04E6 /* IndexPriorityQueue.swift */,
			);
			path = MST;
			sourceTree = "<group>";
		};
		8470CFF724CB2E4E00021D4B /* SushiReviews */ = {
			isa = PBXGroup;
			children = (
				8470CFF824CB2E4E00021D4B /* main.cpp */,
			);
			path = SushiReviews;
			sourceTree = "<group>";
		};
		8472D0DE24B5C6CD000B57C7 /* QuickSort */ = {
			isa = PBXGroup;
			children = (
				8472D0DF24B5C6CD000B57C7 /* main.cpp */,
			);
			path = QuickSort;
			sourceTree = "<group>";
		};
		8487A36924D06CB000167EEB /* UF */ = {
			isa = PBXGroup;
			children = (
				8487A36F24D06CC400167EEB /* UF.swift */,
				8487A36A24D06CB000167EEB /* main.swift */,
			);
			path = UF;
			sourceTree = "<group>";
		};
		84BF3DB424BF69E300130244 /* GroupPresentation */ = {
			isa = PBXGroup;
			children = (
				84BF3DB524BF69E300130244 /* main.swift */,
			);
			path = GroupPresentation;
			sourceTree = "<group>";
		};
		84C8756724B8B488008B3525 /* NQueen */ = {
			isa = PBXGroup;
			children = (
				84C8756824B8B488008B3525 /* main.swift */,
				84C8756D24B8B4BD008B3525 /* QueenSolver.swift */,
				84C8756F24B8B4EF008B3525 /* Board.swift */,
			);
			path = NQueen;
			sourceTree = "<group>";
		};
		84CFBBF824C028C30085B2C7 /* GroupPresentation2 */ = {
			isa = PBXGroup;
			children = (
				84CFBBF924C028C40085B2C7 /* main.cpp */,
			);
			path = GroupPresentation2;
			sourceTree = "<group>";
		};
		84D0603024C73FF200564104 /* LCA */ = {
			isa = PBXGroup;
			children = (
				84D0603124C73FF200564104 /* main.cpp */,
			);
			path = LCA;
			sourceTree = "<group>";
		};
		84D0603B24C757A400564104 /* Tree */ = {
			isa = PBXGroup;
			children = (
				84D0604124C757CB00564104 /* main.cpp */,
			);
			path = Tree;
			sourceTree = "<group>";
		};
		84D26D1724C9D8CB001915A9 /* Graph */ = {
			isa = PBXGroup;
			children = (
				84D26D1824C9D8CB001915A9 /* main.cpp */,
			);
			path = Graph;
			sourceTree = "<group>";
		};
		84F7B7FD24A3937000BBC3C4 = {
			isa = PBXGroup;
			children = (
				84F7B80824A3937000BBC3C4 /* CppAGOS */,
				84F7B81524A3BFA400BBC3C4 /* Recursion */,
				84F7B82124A505DE00BBC3C4 /* Evaluation */,
				84F7B83724A507CB00BBC3C4 /* MiniProject1 */,
				8472D0DE24B5C6CD000B57C7 /* QuickSort */,
				84C8756724B8B488008B3525 /* NQueen */,
				8462997D24BCB1CB00EC11B3 /* Iterator */,
				84BF3DB424BF69E300130244 /* GroupPresentation */,
				84CFBBF824C028C30085B2C7 /* GroupPresentation2 */,
				84D0603024C73FF200564104 /* LCA */,
				84D0603B24C757A400564104 /* Tree */,
				84D26D1724C9D8CB001915A9 /* Graph */,
				8470CFF724CB2E4E00021D4B /* SushiReviews */,
				8487A36924D06CB000167EEB /* UF */,
				8418258124D31D37004814EB /* TopSort */,
				8418259224D3568C004814EB /* TomatoFarm */,
				841825A224D46A02004814EB /* Greedy */,
				846BE31E24DAFF86009C04E6 /* MST */,
				84F7B80724A3937000BBC3C4 /* Products */,
			);
			sourceTree = "<group>";
		};
		84F7B80724A3937000BBC3C4 /* Products */ = {
			isa = PBXGroup;
			children = (
				84F7B80624A3937000BBC3C4 /* CppAGOS */,
				84F7B81424A3BFA400BBC3C4 /* Recursion */,
				84F7B82024A505DE00BBC3C4 /* Evaluation */,
				84F7B83624A507CB00BBC3C4 /* MiniProject1 */,
				8472D0DD24B5C6CD000B57C7 /* QuickSort */,
				84C8756624B8B488008B3525 /* NQueen */,
				8462997C24BCB1CB00EC11B3 /* Iterator */,
				84BF3DB324BF69E300130244 /* GroupPresentation */,
				84CFBBF724C028C30085B2C7 /* GroupPresentation2 */,
				84D0602F24C73FF200564104 /* LCA */,
				84D0603A24C757A400564104 /* Tree */,
				84D26D1624C9D8CB001915A9 /* Graph */,
				8470CFF624CB2E4E00021D4B /* SushiReviews */,
				8487A36824D06CB000167EEB /* UF */,
				8418258024D31D37004814EB /* TopSort */,
				8418259124D3568C004814EB /* TomatoFarm */,
				841825A124D46A01004814EB /* Greedy */,
				846BE31D24DAFF86009C04E6 /* MST */,
			);
			name = Products;
			sourceTree = "<group>";
		};
		84F7B80824A3937000BBC3C4 /* CppAGOS */ = {
			isa = PBXGroup;
			children = (
				84F7B80924A3937000BBC3C4 /* main.cpp */,
			);
			path = CppAGOS;
			sourceTree = "<group>";
		};
		84F7B81524A3BFA400BBC3C4 /* Recursion */ = {
			isa = PBXGroup;
			children = (
				84F7B81624A3BFA400BBC3C4 /* main.cpp */,
				84B9DB7124A6577E007023DF /* Evaluation.cpp */,
				84B9DB7224A6577E007023DF /* Evaluation.hpp */,
				84B9DB6D24A653C6007023DF /* Backtracking.cpp */,
				84B9DB6E24A653C6007023DF /* Backtracking.hpp */,
			);
			path = Recursion;
			sourceTree = "<group>";
		};
		84F7B82124A505DE00BBC3C4 /* Evaluation */ = {
			isa = PBXGroup;
			children = (
				84F7B82224A505DE00BBC3C4 /* main.cpp */,
			);
			path = Evaluation;
			sourceTree = "<group>";
		};
		84F7B83724A507CB00BBC3C4 /* MiniProject1 */ = {
			isa = PBXGroup;
			children = (
				84F7B83824A507CB00BBC3C4 /* main.swift */,
			);
			path = MiniProject1;
			sourceTree = "<group>";
		};
/* End PBXGroup section */

/* Begin PBXNativeTarget section */
		8418257F24D31D37004814EB /* TopSort */ = {
			isa = PBXNativeTarget;
			buildConfigurationList = 8418258624D31D38004814EB /* Build configuration list for PBXNativeTarget "TopSort" */;
			buildPhases = (
				8418257C24D31D37004814EB /* Sources */,
				8418257D24D31D37004814EB /* Frameworks */,
				8418257E24D31D37004814EB /* CopyFiles */,
			);
			buildRules = (
			);
			dependencies = (
			);
			name = TopSort;
			productName = TopSort;
			productReference = 8418258024D31D37004814EB /* TopSort */;
			productType = "com.apple.product-type.tool";
		};
		8418259024D3568C004814EB /* TomatoFarm */ = {
			isa = PBXNativeTarget;
			buildConfigurationList = 8418259524D3568C004814EB /* Build configuration list for PBXNativeTarget "TomatoFarm" */;
			buildPhases = (
				8418258D24D3568C004814EB /* Sources */,
				8418258E24D3568C004814EB /* Frameworks */,
				8418258F24D3568C004814EB /* CopyFiles */,
			);
			buildRules = (
			);
			dependencies = (
			);
			name = TomatoFarm;
			productName = TomatoFarm;
			productReference = 8418259124D3568C004814EB /* TomatoFarm */;
			productType = "com.apple.product-type.tool";
		};
		841825A024D46A01004814EB /* Greedy */ = {
			isa = PBXNativeTarget;
			buildConfigurationList = 841825A724D46A02004814EB /* Build configuration list for PBXNativeTarget "Greedy" */;
			buildPhases = (
				8418259D24D46A01004814EB /* Sources */,
				8418259E24D46A01004814EB /* Frameworks */,
				8418259F24D46A01004814EB /* CopyFiles */,
			);
			buildRules = (
			);
			dependencies = (
			);
			name = Greedy;
			productName = Greedy;
			productReference = 841825A124D46A01004814EB /* Greedy */;
			productType = "com.apple.product-type.tool";
		};
		8462997B24BCB1CB00EC11B3 /* Iterator */ = {
			isa = PBXNativeTarget;
			buildConfigurationList = 8462998224BCB1CB00EC11B3 /* Build configuration list for PBXNativeTarget "Iterator" */;
			buildPhases = (
				8462997824BCB1CB00EC11B3 /* Sources */,
				8462997924BCB1CB00EC11B3 /* Frameworks */,
				8462997A24BCB1CB00EC11B3 /* CopyFiles */,
			);
			buildRules = (
			);
			dependencies = (
			);
			name = Iterator;
			productName = Iterator;
			productReference = 8462997C24BCB1CB00EC11B3 /* Iterator */;
			productType = "com.apple.product-type.tool";
		};
		846BE31C24DAFF86009C04E6 /* MST */ = {
			isa = PBXNativeTarget;
			buildConfigurationList = 846BE32324DAFF86009C04E6 /* Build configuration list for PBXNativeTarget "MST" */;
			buildPhases = (
				846BE31924DAFF86009C04E6 /* Sources */,
				846BE31A24DAFF86009C04E6 /* Frameworks */,
				846BE31B24DAFF86009C04E6 /* CopyFiles */,
			);
			buildRules = (
			);
			dependencies = (
			);
			name = MST;
			productName = MST;
			productReference = 846BE31D24DAFF86009C04E6 /* MST */;
			productType = "com.apple.product-type.tool";
		};
		8470CFF524CB2E4E00021D4B /* SushiReviews */ = {
			isa = PBXNativeTarget;
			buildConfigurationList = 8470CFFC24CB2E4E00021D4B /* Build configuration list for PBXNativeTarget "SushiReviews" */;
			buildPhases = (
				8470CFF224CB2E4E00021D4B /* Sources */,
				8470CFF324CB2E4E00021D4B /* Frameworks */,
				8470CFF424CB2E4E00021D4B /* CopyFiles */,
			);
			buildRules = (
			);
			dependencies = (
			);
			name = SushiReviews;
			productName = SushiReviews;
			productReference = 8470CFF624CB2E4E00021D4B /* SushiReviews */;
			productType = "com.apple.product-type.tool";
		};
		8472D0DC24B5C6CD000B57C7 /* QuickSort */ = {
			isa = PBXNativeTarget;
			buildConfigurationList = 8472D0E324B5C6CD000B57C7 /* Build configuration list for PBXNativeTarget "QuickSort" */;
			buildPhases = (
				8472D0D924B5C6CD000B57C7 /* Sources */,
				8472D0DA24B5C6CD000B57C7 /* Frameworks */,
				8472D0DB24B5C6CD000B57C7 /* CopyFiles */,
			);
			buildRules = (
			);
			dependencies = (
			);
			name = QuickSort;
			productName = QuickSort;
			productReference = 8472D0DD24B5C6CD000B57C7 /* QuickSort */;
			productType = "com.apple.product-type.tool";
		};
		8487A36724D06CB000167EEB /* UF */ = {
			isa = PBXNativeTarget;
			buildConfigurationList = 8487A36C24D06CB000167EEB /* Build configuration list for PBXNativeTarget "UF" */;
			buildPhases = (
				8487A36424D06CB000167EEB /* Sources */,
				8487A36524D06CB000167EEB /* Frameworks */,
				8487A36624D06CB000167EEB /* CopyFiles */,
			);
			buildRules = (
			);
			dependencies = (
			);
			name = UF;
			productName = UF;
			productReference = 8487A36824D06CB000167EEB /* UF */;
			productType = "com.apple.product-type.tool";
		};
		84BF3DB224BF69E300130244 /* GroupPresentation */ = {
			isa = PBXNativeTarget;
			buildConfigurationList = 84BF3DB924BF69E300130244 /* Build configuration list for PBXNativeTarget "GroupPresentation" */;
			buildPhases = (
				84BF3DAF24BF69E300130244 /* Sources */,
				84BF3DB024BF69E300130244 /* Frameworks */,
				84BF3DB124BF69E300130244 /* CopyFiles */,
			);
			buildRules = (
			);
			dependencies = (
			);
			name = GroupPresentation;
			productName = GroupPresentation;
			productReference = 84BF3DB324BF69E300130244 /* GroupPresentation */;
			productType = "com.apple.product-type.tool";
		};
		84C8756524B8B488008B3525 /* NQueen */ = {
			isa = PBXNativeTarget;
			buildConfigurationList = 84C8756C24B8B488008B3525 /* Build configuration list for PBXNativeTarget "NQueen" */;
			buildPhases = (
				84C8756224B8B488008B3525 /* Sources */,
				84C8756324B8B488008B3525 /* Frameworks */,
				84C8756424B8B488008B3525 /* CopyFiles */,
			);
			buildRules = (
			);
			dependencies = (
			);
			name = NQueen;
			productName = NQueen;
			productReference = 84C8756624B8B488008B3525 /* NQueen */;
			productType = "com.apple.product-type.tool";
		};
		84CFBBF624C028C30085B2C7 /* GroupPresentation2 */ = {
			isa = PBXNativeTarget;
			buildConfigurationList = 84CFBBFD24C028C40085B2C7 /* Build configuration list for PBXNativeTarget "GroupPresentation2" */;
			buildPhases = (
				84CFBBF324C028C30085B2C7 /* Sources */,
				84CFBBF424C028C30085B2C7 /* Frameworks */,
				84CFBBF524C028C30085B2C7 /* CopyFiles */,
			);
			buildRules = (
			);
			dependencies = (
			);
			name = GroupPresentation2;
			productName = GroupPresentation2;
			productReference = 84CFBBF724C028C30085B2C7 /* GroupPresentation2 */;
			productType = "com.apple.product-type.tool";
		};
		84D0602E24C73FF200564104 /* LCA */ = {
			isa = PBXNativeTarget;
			buildConfigurationList = 84D0603524C73FF200564104 /* Build configuration list for PBXNativeTarget "LCA" */;
			buildPhases = (
				84D0602B24C73FF200564104 /* Sources */,
				84D0602C24C73FF200564104 /* Frameworks */,
				84D0602D24C73FF200564104 /* CopyFiles */,
			);
			buildRules = (
			);
			dependencies = (
			);
			name = LCA;
			productName = LCA;
			productReference = 84D0602F24C73FF200564104 /* LCA */;
			productType = "com.apple.product-type.tool";
		};
		84D0603924C757A400564104 /* Tree */ = {
			isa = PBXNativeTarget;
			buildConfigurationList = 84D0603E24C757A400564104 /* Build configuration list for PBXNativeTarget "Tree" */;
			buildPhases = (
				84D0603624C757A400564104 /* Sources */,
				84D0603724C757A400564104 /* Frameworks */,
				84D0603824C757A400564104 /* CopyFiles */,
			);
			buildRules = (
			);
			dependencies = (
			);
			name = Tree;
			productName = Tree;
			productReference = 84D0603A24C757A400564104 /* Tree */;
			productType = "com.apple.product-type.tool";
		};
		84D26D1524C9D8CB001915A9 /* Graph */ = {
			isa = PBXNativeTarget;
			buildConfigurationList = 84D26D1C24C9D8CB001915A9 /* Build configuration list for PBXNativeTarget "Graph" */;
			buildPhases = (
				84D26D1224C9D8CB001915A9 /* Sources */,
				84D26D1324C9D8CB001915A9 /* Frameworks */,
				84D26D1424C9D8CB001915A9 /* CopyFiles */,
			);
			buildRules = (
			);
			dependencies = (
			);
			name = Graph;
			productName = Graph;
			productReference = 84D26D1624C9D8CB001915A9 /* Graph */;
			productType = "com.apple.product-type.tool";
		};
		84F7B80524A3937000BBC3C4 /* CppAGOS */ = {
			isa = PBXNativeTarget;
			buildConfigurationList = 84F7B80D24A3937000BBC3C4 /* Build configuration list for PBXNativeTarget "CppAGOS" */;
			buildPhases = (
				84F7B80224A3937000BBC3C4 /* Sources */,
				84F7B80324A3937000BBC3C4 /* Frameworks */,
				84F7B80424A3937000BBC3C4 /* CopyFiles */,
			);
			buildRules = (
			);
			dependencies = (
			);
			name = CppAGOS;
			productName = CppAGOS;
			productReference = 84F7B80624A3937000BBC3C4 /* CppAGOS */;
			productType = "com.apple.product-type.tool";
		};
		84F7B81324A3BFA400BBC3C4 /* Recursion */ = {
			isa = PBXNativeTarget;
			buildConfigurationList = 84F7B81A24A3BFA400BBC3C4 /* Build configuration list for PBXNativeTarget "Recursion" */;
			buildPhases = (
				84F7B81024A3BFA400BBC3C4 /* Sources */,
				84F7B81124A3BFA400BBC3C4 /* Frameworks */,
				84F7B81224A3BFA400BBC3C4 /* CopyFiles */,
			);
			buildRules = (
			);
			dependencies = (
			);
			name = Recursion;
			productName = Recursion;
			productReference = 84F7B81424A3BFA400BBC3C4 /* Recursion */;
			productType = "com.apple.product-type.tool";
		};
		84F7B81F24A505DE00BBC3C4 /* Evaluation */ = {
			isa = PBXNativeTarget;
			buildConfigurationList = 84F7B82424A505DE00BBC3C4 /* Build configuration list for PBXNativeTarget "Evaluation" */;
			buildPhases = (
				84F7B81C24A505DE00BBC3C4 /* Sources */,
				84F7B81D24A505DE00BBC3C4 /* Frameworks */,
				84F7B81E24A505DE00BBC3C4 /* CopyFiles */,
			);
			buildRules = (
			);
			dependencies = (
			);
			name = Evaluation;
			productName = Evaluation;
			productReference = 84F7B82024A505DE00BBC3C4 /* Evaluation */;
			productType = "com.apple.product-type.tool";
		};
		84F7B83524A507CB00BBC3C4 /* MiniProject1 */ = {
			isa = PBXNativeTarget;
			buildConfigurationList = 84F7B83A24A507CB00BBC3C4 /* Build configuration list for PBXNativeTarget "MiniProject1" */;
			buildPhases = (
				84F7B83224A507CB00BBC3C4 /* Sources */,
				84F7B83324A507CB00BBC3C4 /* Frameworks */,
				84F7B83424A507CB00BBC3C4 /* CopyFiles */,
			);
			buildRules = (
			);
			dependencies = (
			);
			name = MiniProject1;
			productName = MiniProject1;
			productReference = 84F7B83624A507CB00BBC3C4 /* MiniProject1 */;
			productType = "com.apple.product-type.tool";
		};
/* End PBXNativeTarget section */

/* Begin PBXProject section */
		84F7B7FE24A3937000BBC3C4 /* Project object */ = {
			isa = PBXProject;
			attributes = {
				LastSwiftUpdateCheck = 1150;
				LastUpgradeCheck = 1150;
				ORGANIZATIONNAME = Administlator;
				TargetAttributes = {
					8418257F24D31D37004814EB = {
						CreatedOnToolsVersion = 11.5;
					};
					8418259024D3568C004814EB = {
						CreatedOnToolsVersion = 11.5;
					};
					841825A024D46A01004814EB = {
						CreatedOnToolsVersion = 11.5;
					};
					8462997B24BCB1CB00EC11B3 = {
						CreatedOnToolsVersion = 11.5;
					};
					846BE31C24DAFF86009C04E6 = {
						CreatedOnToolsVersion = 11.5;
					};
					8470CFF524CB2E4E00021D4B = {
						CreatedOnToolsVersion = 11.5;
					};
					8472D0DC24B5C6CD000B57C7 = {
						CreatedOnToolsVersion = 11.5;
					};
					8487A36724D06CB000167EEB = {
						CreatedOnToolsVersion = 11.5;
					};
					84BF3DB224BF69E300130244 = {
						CreatedOnToolsVersion = 11.5;
					};
					84C8756524B8B488008B3525 = {
						CreatedOnToolsVersion = 11.5;
					};
					84CFBBF624C028C30085B2C7 = {
						CreatedOnToolsVersion = 11.5;
					};
					84D0602E24C73FF200564104 = {
						CreatedOnToolsVersion = 11.5;
					};
					84D0603924C757A400564104 = {
						CreatedOnToolsVersion = 11.5;
					};
					84D26D1524C9D8CB001915A9 = {
						CreatedOnToolsVersion = 11.5;
					};
					84F7B80524A3937000BBC3C4 = {
						CreatedOnToolsVersion = 11.5;
					};
					84F7B81324A3BFA400BBC3C4 = {
						CreatedOnToolsVersion = 11.5;
					};
					84F7B81F24A505DE00BBC3C4 = {
						CreatedOnToolsVersion = 11.5;
					};
					84F7B83524A507CB00BBC3C4 = {
						CreatedOnToolsVersion = 11.5;
					};
				};
			};
			buildConfigurationList = 84F7B80124A3937000BBC3C4 /* Build configuration list for PBXProject "CppAGOS" */;
			compatibilityVersion = "Xcode 9.3";
			developmentRegion = en;
			hasScannedForEncodings = 0;
			knownRegions = (
				en,
				Base,
			);
			mainGroup = 84F7B7FD24A3937000BBC3C4;
			productRefGroup = 84F7B80724A3937000BBC3C4 /* Products */;
			projectDirPath = "";
			projectRoot = "";
			targets = (
				84F7B80524A3937000BBC3C4 /* CppAGOS */,
				84F7B81324A3BFA400BBC3C4 /* Recursion */,
				84F7B81F24A505DE00BBC3C4 /* Evaluation */,
				84F7B83524A507CB00BBC3C4 /* MiniProject1 */,
				8472D0DC24B5C6CD000B57C7 /* QuickSort */,
				84C8756524B8B488008B3525 /* NQueen */,
				8462997B24BCB1CB00EC11B3 /* Iterator */,
				84BF3DB224BF69E300130244 /* GroupPresentation */,
				84CFBBF624C028C30085B2C7 /* GroupPresentation2 */,
				84D0602E24C73FF200564104 /* LCA */,
				84D0603924C757A400564104 /* Tree */,
				84D26D1524C9D8CB001915A9 /* Graph */,
				8470CFF524CB2E4E00021D4B /* SushiReviews */,
				8487A36724D06CB000167EEB /* UF */,
				8418257F24D31D37004814EB /* TopSort */,
				8418259024D3568C004814EB /* TomatoFarm */,
				841825A024D46A01004814EB /* Greedy */,
				846BE31C24DAFF86009C04E6 /* MST */,
			);
		};
/* End PBXProject section */

/* Begin PBXSourcesBuildPhase section */
		8418257C24D31D37004814EB /* Sources */ = {
			isa = PBXSourcesBuildPhase;
			buildActionMask = 2147483647;
			files = (
				8418258324D31D38004814EB /* main.cpp in Sources */,
				8418258924D31D5D004814EB /* CoursesSchedule.cpp in Sources */,
				8418259C24D3D6B1004814EB /* CoursesSchedule2.cpp in Sources */,
			);
			runOnlyForDeploymentPostprocessing = 0;
		};
		8418258D24D3568C004814EB /* Sources */ = {
			isa = PBXSourcesBuildPhase;
			buildActionMask = 2147483647;
			files = (
				8418259924D356D0004814EB /* main.cpp in Sources */,
			);
			runOnlyForDeploymentPostprocessing = 0;
		};
		8418259D24D46A01004814EB /* Sources */ = {
			isa = PBXSourcesBuildPhase;
			buildActionMask = 2147483647;
			files = (
				841825A424D46A02004814EB /* main.cpp in Sources */,
			);
			runOnlyForDeploymentPostprocessing = 0;
		};
		8462997824BCB1CB00EC11B3 /* Sources */ = {
			isa = PBXSourcesBuildPhase;
			buildActionMask = 2147483647;
			files = (
				8462997F24BCB1CB00EC11B3 /* main.cpp in Sources */,
				84A347E824BD0C97009B7E71 /* BagIterator.cpp in Sources */,
				84A347EB24BD13B8009B7E71 /* Stack.cpp in Sources */,
				84A347EE24BD13C7009B7E71 /* StackIterator.cpp in Sources */,
				8462998B24BCB3CA00EC11B3 /* Queue.cpp in Sources */,
				84A347E724BD0C97009B7E71 /* Bag.cpp in Sources */,
				84A347DC24BCDCBD009B7E71 /* QueueIterator.cpp in Sources */,
			);
			runOnlyForDeploymentPostprocessing = 0;
		};
		846BE31924DAFF86009C04E6 /* Sources */ = {
			isa = PBXSourcesBuildPhase;
			buildActionMask = 2147483647;
			files = (
				846BE32924DB06E5009C04E6 /* IndexPriorityQueue.swift in Sources */,
				846BE32724DB0357009C04E6 /* MST.swift in Sources */,
				846BE32024DAFF86009C04E6 /* main.swift in Sources */,
			);
			runOnlyForDeploymentPostprocessing = 0;
		};
		8470CFF224CB2E4E00021D4B /* Sources */ = {
			isa = PBXSourcesBuildPhase;
			buildActionMask = 2147483647;
			files = (
				8470CFF924CB2E4E00021D4B /* main.cpp in Sources */,
			);
			runOnlyForDeploymentPostprocessing = 0;
		};
		8472D0D924B5C6CD000B57C7 /* Sources */ = {
			isa = PBXSourcesBuildPhase;
			buildActionMask = 2147483647;
			files = (
				8472D0E024B5C6CD000B57C7 /* main.cpp in Sources */,
			);
			runOnlyForDeploymentPostprocessing = 0;
		};
		8487A36424D06CB000167EEB /* Sources */ = {
			isa = PBXSourcesBuildPhase;
			buildActionMask = 2147483647;
			files = (
				8487A37024D06CC400167EEB /* UF.swift in Sources */,
				8487A36B24D06CB000167EEB /* main.swift in Sources */,
			);
			runOnlyForDeploymentPostprocessing = 0;
		};
		84BF3DAF24BF69E300130244 /* Sources */ = {
			isa = PBXSourcesBuildPhase;
			buildActionMask = 2147483647;
			files = (
				84BF3DB624BF69E300130244 /* main.swift in Sources */,
			);
			runOnlyForDeploymentPostprocessing = 0;
		};
		84C8756224B8B488008B3525 /* Sources */ = {
			isa = PBXSourcesBuildPhase;
			buildActionMask = 2147483647;
			files = (
				84C8756924B8B488008B3525 /* main.swift in Sources */,
				84C8756E24B8B4BD008B3525 /* QueenSolver.swift in Sources */,
				84C8757024B8B4EF008B3525 /* Board.swift in Sources */,
			);
			runOnlyForDeploymentPostprocessing = 0;
		};
		84CFBBF324C028C30085B2C7 /* Sources */ = {
			isa = PBXSourcesBuildPhase;
			buildActionMask = 2147483647;
			files = (
				84CFBBFA24C028C40085B2C7 /* main.cpp in Sources */,
			);
			runOnlyForDeploymentPostprocessing = 0;
		};
		84D0602B24C73FF200564104 /* Sources */ = {
			isa = PBXSourcesBuildPhase;
			buildActionMask = 2147483647;
			files = (
				84D0603224C73FF200564104 /* main.cpp in Sources */,
			);
			runOnlyForDeploymentPostprocessing = 0;
		};
		84D0603624C757A400564104 /* Sources */ = {
			isa = PBXSourcesBuildPhase;
			buildActionMask = 2147483647;
			files = (
				84D0604224C757CB00564104 /* main.cpp in Sources */,
			);
			runOnlyForDeploymentPostprocessing = 0;
		};
		84D26D1224C9D8CB001915A9 /* Sources */ = {
			isa = PBXSourcesBuildPhase;
			buildActionMask = 2147483647;
			files = (
				84D26D1924C9D8CB001915A9 /* main.cpp in Sources */,
			);
			runOnlyForDeploymentPostprocessing = 0;
		};
		84F7B80224A3937000BBC3C4 /* Sources */ = {
			isa = PBXSourcesBuildPhase;
			buildActionMask = 2147483647;
			files = (
				84F7B80A24A3937000BBC3C4 /* main.cpp in Sources */,
			);
			runOnlyForDeploymentPostprocessing = 0;
		};
		84F7B81024A3BFA400BBC3C4 /* Sources */ = {
			isa = PBXSourcesBuildPhase;
			buildActionMask = 2147483647;
			files = (
				84B9DB7324A6577E007023DF /* Evaluation.cpp in Sources */,
				84F7B81724A3BFA400BBC3C4 /* main.cpp in Sources */,
				84B9DB7024A653D8007023DF /* Backtracking.cpp in Sources */,
			);
			runOnlyForDeploymentPostprocessing = 0;
		};
		84F7B81C24A505DE00BBC3C4 /* Sources */ = {
			isa = PBXSourcesBuildPhase;
			buildActionMask = 2147483647;
			files = (
				84F7B82324A505DE00BBC3C4 /* main.cpp in Sources */,
			);
			runOnlyForDeploymentPostprocessing = 0;
		};
		84F7B83224A507CB00BBC3C4 /* Sources */ = {
			isa = PBXSourcesBuildPhase;
			buildActionMask = 2147483647;
			files = (
				84F7B83924A507CB00BBC3C4 /* main.swift in Sources */,
			);
			runOnlyForDeploymentPostprocessing = 0;
		};
/* End PBXSourcesBuildPhase section */

/* Begin XCBuildConfiguration section */
		8418258424D31D38004814EB /* Debug */ = {
			isa = XCBuildConfiguration;
			buildSettings = {
				CODE_SIGN_STYLE = Automatic;
				DEVELOPMENT_TEAM = P56BBK28XQ;
				ENABLE_HARDENED_RUNTIME = YES;
				PRODUCT_NAME = "$(TARGET_NAME)";
			};
			name = Debug;
		};
		8418258524D31D38004814EB /* Release */ = {
			isa = XCBuildConfiguration;
			buildSettings = {
				CODE_SIGN_STYLE = Automatic;
				DEVELOPMENT_TEAM = P56BBK28XQ;
				ENABLE_HARDENED_RUNTIME = YES;
				PRODUCT_NAME = "$(TARGET_NAME)";
			};
			name = Release;
		};
		8418259624D3568C004814EB /* Debug */ = {
			isa = XCBuildConfiguration;
			buildSettings = {
				CODE_SIGN_STYLE = Automatic;
				DEVELOPMENT_TEAM = P56BBK28XQ;
				ENABLE_HARDENED_RUNTIME = YES;
				PRODUCT_NAME = "$(TARGET_NAME)";
			};
			name = Debug;
		};
		8418259724D3568C004814EB /* Release */ = {
			isa = XCBuildConfiguration;
			buildSettings = {
				CODE_SIGN_STYLE = Automatic;
				DEVELOPMENT_TEAM = P56BBK28XQ;
				ENABLE_HARDENED_RUNTIME = YES;
				PRODUCT_NAME = "$(TARGET_NAME)";
			};
			name = Release;
		};
		841825A524D46A02004814EB /* Debug */ = {
			isa = XCBuildConfiguration;
			buildSettings = {
				CODE_SIGN_STYLE = Automatic;
				DEVELOPMENT_TEAM = P56BBK28XQ;
				ENABLE_HARDENED_RUNTIME = YES;
				PRODUCT_NAME = "$(TARGET_NAME)";
			};
			name = Debug;
		};
		841825A624D46A02004814EB /* Release */ = {
			isa = XCBuildConfiguration;
			buildSettings = {
				CODE_SIGN_STYLE = Automatic;
				DEVELOPMENT_TEAM = P56BBK28XQ;
				ENABLE_HARDENED_RUNTIME = YES;
				PRODUCT_NAME = "$(TARGET_NAME)";
			};
			name = Release;
		};
		8462998024BCB1CB00EC11B3 /* Debug */ = {
			isa = XCBuildConfiguration;
			buildSettings = {
				CODE_SIGN_STYLE = Automatic;
				DEVELOPMENT_TEAM = P56BBK28XQ;
				ENABLE_HARDENED_RUNTIME = YES;
				PRODUCT_NAME = "$(TARGET_NAME)";
			};
			name = Debug;
		};
		8462998124BCB1CB00EC11B3 /* Release */ = {
			isa = XCBuildConfiguration;
			buildSettings = {
				CODE_SIGN_STYLE = Automatic;
				DEVELOPMENT_TEAM = P56BBK28XQ;
				ENABLE_HARDENED_RUNTIME = YES;
				PRODUCT_NAME = "$(TARGET_NAME)";
			};
			name = Release;
		};
		846BE32124DAFF86009C04E6 /* Debug */ = {
			isa = XCBuildConfiguration;
			buildSettings = {
				CODE_SIGN_STYLE = Automatic;
				DEVELOPMENT_TEAM = P56BBK28XQ;
				ENABLE_HARDENED_RUNTIME = YES;
				PRODUCT_NAME = "$(TARGET_NAME)";
				SWIFT_ACTIVE_COMPILATION_CONDITIONS = DEBUG;
				SWIFT_OPTIMIZATION_LEVEL = "-Onone";
				SWIFT_VERSION = 5.0;
			};
			name = Debug;
		};
		846BE32224DAFF86009C04E6 /* Release */ = {
			isa = XCBuildConfiguration;
			buildSettings = {
				CODE_SIGN_STYLE = Automatic;
				DEVELOPMENT_TEAM = P56BBK28XQ;
				ENABLE_HARDENED_RUNTIME = YES;
				PRODUCT_NAME = "$(TARGET_NAME)";
				SWIFT_COMPILATION_MODE = wholemodule;
				SWIFT_OPTIMIZATION_LEVEL = "-O";
				SWIFT_VERSION = 5.0;
			};
			name = Release;
		};
		8470CFFA24CB2E4E00021D4B /* Debug */ = {
			isa = XCBuildConfiguration;
			buildSettings = {
				CODE_SIGN_STYLE = Automatic;
				DEVELOPMENT_TEAM = P56BBK28XQ;
				ENABLE_HARDENED_RUNTIME = YES;
				PRODUCT_NAME = "$(TARGET_NAME)";
			};
			name = Debug;
		};
		8470CFFB24CB2E4E00021D4B /* Release */ = {
			isa = XCBuildConfiguration;
			buildSettings = {
				CODE_SIGN_STYLE = Automatic;
				DEVELOPMENT_TEAM = P56BBK28XQ;
				ENABLE_HARDENED_RUNTIME = YES;
				PRODUCT_NAME = "$(TARGET_NAME)";
			};
			name = Release;
		};
		8472D0E124B5C6CD000B57C7 /* Debug */ = {
			isa = XCBuildConfiguration;
			buildSettings = {
				CODE_SIGN_STYLE = Automatic;
				DEVELOPMENT_TEAM = P56BBK28XQ;
				ENABLE_HARDENED_RUNTIME = YES;
				PRODUCT_NAME = "$(TARGET_NAME)";
			};
			name = Debug;
		};
		8472D0E224B5C6CD000B57C7 /* Release */ = {
			isa = XCBuildConfiguration;
			buildSettings = {
				CODE_SIGN_STYLE = Automatic;
				DEVELOPMENT_TEAM = P56BBK28XQ;
				ENABLE_HARDENED_RUNTIME = YES;
				PRODUCT_NAME = "$(TARGET_NAME)";
			};
			name = Release;
		};
		8487A36D24D06CB000167EEB /* Debug */ = {
			isa = XCBuildConfiguration;
			buildSettings = {
				CODE_SIGN_STYLE = Automatic;
				DEVELOPMENT_TEAM = P56BBK28XQ;
				ENABLE_HARDENED_RUNTIME = YES;
				PRODUCT_NAME = "$(TARGET_NAME)";
				SWIFT_ACTIVE_COMPILATION_CONDITIONS = DEBUG;
				SWIFT_OPTIMIZATION_LEVEL = "-Onone";
				SWIFT_VERSION = 5.0;
			};
			name = Debug;
		};
		8487A36E24D06CB000167EEB /* Release */ = {
			isa = XCBuildConfiguration;
			buildSettings = {
				CODE_SIGN_STYLE = Automatic;
				DEVELOPMENT_TEAM = P56BBK28XQ;
				ENABLE_HARDENED_RUNTIME = YES;
				PRODUCT_NAME = "$(TARGET_NAME)";
				SWIFT_COMPILATION_MODE = wholemodule;
				SWIFT_OPTIMIZATION_LEVEL = "-O";
				SWIFT_VERSION = 5.0;
			};
			name = Release;
		};
		84BF3DB724BF69E300130244 /* Debug */ = {
			isa = XCBuildConfiguration;
			buildSettings = {
				CODE_SIGN_STYLE = Automatic;
				DEVELOPMENT_TEAM = P56BBK28XQ;
				ENABLE_HARDENED_RUNTIME = YES;
				PRODUCT_NAME = "$(TARGET_NAME)";
				SWIFT_ACTIVE_COMPILATION_CONDITIONS = DEBUG;
				SWIFT_OPTIMIZATION_LEVEL = "-Onone";
				SWIFT_VERSION = 5.0;
			};
			name = Debug;
		};
		84BF3DB824BF69E300130244 /* Release */ = {
			isa = XCBuildConfiguration;
			buildSettings = {
				CODE_SIGN_STYLE = Automatic;
				DEVELOPMENT_TEAM = P56BBK28XQ;
				ENABLE_HARDENED_RUNTIME = YES;
				PRODUCT_NAME = "$(TARGET_NAME)";
				SWIFT_COMPILATION_MODE = wholemodule;
				SWIFT_OPTIMIZATION_LEVEL = "-O";
				SWIFT_VERSION = 5.0;
			};
			name = Release;
		};
		84C8756A24B8B488008B3525 /* Debug */ = {
			isa = XCBuildConfiguration;
			buildSettings = {
				CODE_SIGN_STYLE = Automatic;
				DEVELOPMENT_TEAM = P56BBK28XQ;
				ENABLE_HARDENED_RUNTIME = YES;
				PRODUCT_NAME = "$(TARGET_NAME)";
				SWIFT_ACTIVE_COMPILATION_CONDITIONS = DEBUG;
				SWIFT_OPTIMIZATION_LEVEL = "-Onone";
				SWIFT_VERSION = 5.0;
			};
			name = Debug;
		};
		84C8756B24B8B488008B3525 /* Release */ = {
			isa = XCBuildConfiguration;
			buildSettings = {
				CODE_SIGN_STYLE = Automatic;
				DEVELOPMENT_TEAM = P56BBK28XQ;
				ENABLE_HARDENED_RUNTIME = YES;
				PRODUCT_NAME = "$(TARGET_NAME)";
				SWIFT_COMPILATION_MODE = wholemodule;
				SWIFT_OPTIMIZATION_LEVEL = "-O";
				SWIFT_VERSION = 5.0;
			};
			name = Release;
		};
		84CFBBFB24C028C40085B2C7 /* Debug */ = {
			isa = XCBuildConfiguration;
			buildSettings = {
				CODE_SIGN_STYLE = Automatic;
				DEVELOPMENT_TEAM = P56BBK28XQ;
				ENABLE_HARDENED_RUNTIME = YES;
				PRODUCT_NAME = "$(TARGET_NAME)";
			};
			name = Debug;
		};
		84CFBBFC24C028C40085B2C7 /* Release */ = {
			isa = XCBuildConfiguration;
			buildSettings = {
				CODE_SIGN_STYLE = Automatic;
				DEVELOPMENT_TEAM = P56BBK28XQ;
				ENABLE_HARDENED_RUNTIME = YES;
				PRODUCT_NAME = "$(TARGET_NAME)";
			};
			name = Release;
		};
		84D0603324C73FF200564104 /* Debug */ = {
			isa = XCBuildConfiguration;
			buildSettings = {
				CODE_SIGN_STYLE = Automatic;
				DEVELOPMENT_TEAM = P56BBK28XQ;
				ENABLE_HARDENED_RUNTIME = YES;
				PRODUCT_NAME = "$(TARGET_NAME)";
			};
			name = Debug;
		};
		84D0603424C73FF200564104 /* Release */ = {
			isa = XCBuildConfiguration;
			buildSettings = {
				CODE_SIGN_STYLE = Automatic;
				DEVELOPMENT_TEAM = P56BBK28XQ;
				ENABLE_HARDENED_RUNTIME = YES;
				PRODUCT_NAME = "$(TARGET_NAME)";
			};
			name = Release;
		};
		84D0603F24C757A400564104 /* Debug */ = {
			isa = XCBuildConfiguration;
			buildSettings = {
				CODE_SIGN_STYLE = Automatic;
				DEVELOPMENT_TEAM = P56BBK28XQ;
				ENABLE_HARDENED_RUNTIME = YES;
				PRODUCT_NAME = "$(TARGET_NAME)";
			};
			name = Debug;
		};
		84D0604024C757A400564104 /* Release */ = {
			isa = XCBuildConfiguration;
			buildSettings = {
				CODE_SIGN_STYLE = Automatic;
				DEVELOPMENT_TEAM = P56BBK28XQ;
				ENABLE_HARDENED_RUNTIME = YES;
				PRODUCT_NAME = "$(TARGET_NAME)";
			};
			name = Release;
		};
		84D26D1A24C9D8CB001915A9 /* Debug */ = {
			isa = XCBuildConfiguration;
			buildSettings = {
				CODE_SIGN_STYLE = Automatic;
				DEVELOPMENT_TEAM = P56BBK28XQ;
				ENABLE_HARDENED_RUNTIME = YES;
				PRODUCT_NAME = "$(TARGET_NAME)";
			};
			name = Debug;
		};
		84D26D1B24C9D8CB001915A9 /* Release */ = {
			isa = XCBuildConfiguration;
			buildSettings = {
				CODE_SIGN_STYLE = Automatic;
				DEVELOPMENT_TEAM = P56BBK28XQ;
				ENABLE_HARDENED_RUNTIME = YES;
				PRODUCT_NAME = "$(TARGET_NAME)";
			};
			name = Release;
		};
		84F7B80B24A3937000BBC3C4 /* Debug */ = {
			isa = XCBuildConfiguration;
			buildSettings = {
				ALWAYS_SEARCH_USER_PATHS = NO;
				CLANG_ANALYZER_NONNULL = YES;
				CLANG_ANALYZER_NUMBER_OBJECT_CONVERSION = YES_AGGRESSIVE;
				CLANG_CXX_LANGUAGE_STANDARD = "gnu++14";
				CLANG_CXX_LIBRARY = "libc++";
				CLANG_ENABLE_MODULES = YES;
				CLANG_ENABLE_OBJC_ARC = YES;
				CLANG_ENABLE_OBJC_WEAK = YES;
				CLANG_WARN_BLOCK_CAPTURE_AUTORELEASING = YES;
				CLANG_WARN_BOOL_CONVERSION = YES;
				CLANG_WARN_COMMA = YES;
				CLANG_WARN_CONSTANT_CONVERSION = YES;
				CLANG_WARN_DEPRECATED_OBJC_IMPLEMENTATIONS = YES;
				CLANG_WARN_DIRECT_OBJC_ISA_USAGE = YES_ERROR;
				CLANG_WARN_DOCUMENTATION_COMMENTS = YES;
				CLANG_WARN_EMPTY_BODY = YES;
				CLANG_WARN_ENUM_CONVERSION = YES;
				CLANG_WARN_INFINITE_RECURSION = YES;
				CLANG_WARN_INT_CONVERSION = YES;
				CLANG_WARN_NON_LITERAL_NULL_CONVERSION = YES;
				CLANG_WARN_OBJC_IMPLICIT_RETAIN_SELF = YES;
				CLANG_WARN_OBJC_LITERAL_CONVERSION = YES;
				CLANG_WARN_OBJC_ROOT_CLASS = YES_ERROR;
				CLANG_WARN_RANGE_LOOP_ANALYSIS = YES;
				CLANG_WARN_STRICT_PROTOTYPES = YES;
				CLANG_WARN_SUSPICIOUS_MOVE = YES;
				CLANG_WARN_UNGUARDED_AVAILABILITY = YES_AGGRESSIVE;
				CLANG_WARN_UNREACHABLE_CODE = YES;
				CLANG_WARN__DUPLICATE_METHOD_MATCH = YES;
				COPY_PHASE_STRIP = NO;
				DEBUG_INFORMATION_FORMAT = dwarf;
				ENABLE_STRICT_OBJC_MSGSEND = YES;
				ENABLE_TESTABILITY = YES;
				GCC_C_LANGUAGE_STANDARD = gnu11;
				GCC_DYNAMIC_NO_PIC = NO;
				GCC_NO_COMMON_BLOCKS = YES;
				GCC_OPTIMIZATION_LEVEL = 0;
				GCC_PREPROCESSOR_DEFINITIONS = (
					"DEBUG=1",
					"$(inherited)",
				);
				GCC_WARN_64_TO_32_BIT_CONVERSION = YES;
				GCC_WARN_ABOUT_RETURN_TYPE = YES_ERROR;
				GCC_WARN_UNDECLARED_SELECTOR = YES;
				GCC_WARN_UNINITIALIZED_AUTOS = YES_AGGRESSIVE;
				GCC_WARN_UNUSED_FUNCTION = YES;
				GCC_WARN_UNUSED_VARIABLE = YES;
				MACOSX_DEPLOYMENT_TARGET = 10.15;
				MTL_ENABLE_DEBUG_INFO = INCLUDE_SOURCE;
				MTL_FAST_MATH = YES;
				ONLY_ACTIVE_ARCH = YES;
				SDKROOT = macosx;
			};
			name = Debug;
		};
		84F7B80C24A3937000BBC3C4 /* Release */ = {
			isa = XCBuildConfiguration;
			buildSettings = {
				ALWAYS_SEARCH_USER_PATHS = NO;
				CLANG_ANALYZER_NONNULL = YES;
				CLANG_ANALYZER_NUMBER_OBJECT_CONVERSION = YES_AGGRESSIVE;
				CLANG_CXX_LANGUAGE_STANDARD = "gnu++14";
				CLANG_CXX_LIBRARY = "libc++";
				CLANG_ENABLE_MODULES = YES;
				CLANG_ENABLE_OBJC_ARC = YES;
				CLANG_ENABLE_OBJC_WEAK = YES;
				CLANG_WARN_BLOCK_CAPTURE_AUTORELEASING = YES;
				CLANG_WARN_BOOL_CONVERSION = YES;
				CLANG_WARN_COMMA = YES;
				CLANG_WARN_CONSTANT_CONVERSION = YES;
				CLANG_WARN_DEPRECATED_OBJC_IMPLEMENTATIONS = YES;
				CLANG_WARN_DIRECT_OBJC_ISA_USAGE = YES_ERROR;
				CLANG_WARN_DOCUMENTATION_COMMENTS = YES;
				CLANG_WARN_EMPTY_BODY = YES;
				CLANG_WARN_ENUM_CONVERSION = YES;
				CLANG_WARN_INFINITE_RECURSION = YES;
				CLANG_WARN_INT_CONVERSION = YES;
				CLANG_WARN_NON_LITERAL_NULL_CONVERSION = YES;
				CLANG_WARN_OBJC_IMPLICIT_RETAIN_SELF = YES;
				CLANG_WARN_OBJC_LITERAL_CONVERSION = YES;
				CLANG_WARN_OBJC_ROOT_CLASS = YES_ERROR;
				CLANG_WARN_RANGE_LOOP_ANALYSIS = YES;
				CLANG_WARN_STRICT_PROTOTYPES = YES;
				CLANG_WARN_SUSPICIOUS_MOVE = YES;
				CLANG_WARN_UNGUARDED_AVAILABILITY = YES_AGGRESSIVE;
				CLANG_WARN_UNREACHABLE_CODE = YES;
				CLANG_WARN__DUPLICATE_METHOD_MATCH = YES;
				COPY_PHASE_STRIP = NO;
				DEBUG_INFORMATION_FORMAT = "dwarf-with-dsym";
				ENABLE_NS_ASSERTIONS = NO;
				ENABLE_STRICT_OBJC_MSGSEND = YES;
				GCC_C_LANGUAGE_STANDARD = gnu11;
				GCC_NO_COMMON_BLOCKS = YES;
				GCC_WARN_64_TO_32_BIT_CONVERSION = YES;
				GCC_WARN_ABOUT_RETURN_TYPE = YES_ERROR;
				GCC_WARN_UNDECLARED_SELECTOR = YES;
				GCC_WARN_UNINITIALIZED_AUTOS = YES_AGGRESSIVE;
				GCC_WARN_UNUSED_FUNCTION = YES;
				GCC_WARN_UNUSED_VARIABLE = YES;
				MACOSX_DEPLOYMENT_TARGET = 10.15;
				MTL_ENABLE_DEBUG_INFO = NO;
				MTL_FAST_MATH = YES;
				SDKROOT = macosx;
			};
			name = Release;
		};
		84F7B80E24A3937000BBC3C4 /* Debug */ = {
			isa = XCBuildConfiguration;
			buildSettings = {
				CODE_SIGN_STYLE = Automatic;
				DEVELOPMENT_TEAM = P56BBK28XQ;
				ENABLE_HARDENED_RUNTIME = YES;
				PRODUCT_NAME = "$(TARGET_NAME)";
			};
			name = Debug;
		};
		84F7B80F24A3937000BBC3C4 /* Release */ = {
			isa = XCBuildConfiguration;
			buildSettings = {
				CODE_SIGN_STYLE = Automatic;
				DEVELOPMENT_TEAM = P56BBK28XQ;
				ENABLE_HARDENED_RUNTIME = YES;
				PRODUCT_NAME = "$(TARGET_NAME)";
			};
			name = Release;
		};
		84F7B81824A3BFA400BBC3C4 /* Debug */ = {
			isa = XCBuildConfiguration;
			buildSettings = {
				CODE_SIGN_STYLE = Automatic;
				DEVELOPMENT_TEAM = P56BBK28XQ;
				ENABLE_HARDENED_RUNTIME = YES;
				PRODUCT_NAME = "$(TARGET_NAME)";
			};
			name = Debug;
		};
		84F7B81924A3BFA400BBC3C4 /* Release */ = {
			isa = XCBuildConfiguration;
			buildSettings = {
				CODE_SIGN_STYLE = Automatic;
				DEVELOPMENT_TEAM = P56BBK28XQ;
				ENABLE_HARDENED_RUNTIME = YES;
				PRODUCT_NAME = "$(TARGET_NAME)";
			};
			name = Release;
		};
		84F7B82524A505DE00BBC3C4 /* Debug */ = {
			isa = XCBuildConfiguration;
			buildSettings = {
				CODE_SIGN_STYLE = Automatic;
				DEVELOPMENT_TEAM = P56BBK28XQ;
				ENABLE_HARDENED_RUNTIME = YES;
				PRODUCT_NAME = "$(TARGET_NAME)";
			};
			name = Debug;
		};
		84F7B82624A505DE00BBC3C4 /* Release */ = {
			isa = XCBuildConfiguration;
			buildSettings = {
				CODE_SIGN_STYLE = Automatic;
				DEVELOPMENT_TEAM = P56BBK28XQ;
				ENABLE_HARDENED_RUNTIME = YES;
				PRODUCT_NAME = "$(TARGET_NAME)";
			};
			name = Release;
		};
		84F7B83B24A507CB00BBC3C4 /* Debug */ = {
			isa = XCBuildConfiguration;
			buildSettings = {
				CODE_SIGN_STYLE = Automatic;
				DEVELOPMENT_TEAM = P56BBK28XQ;
				ENABLE_HARDENED_RUNTIME = YES;
				PRODUCT_NAME = "$(TARGET_NAME)";
				SWIFT_ACTIVE_COMPILATION_CONDITIONS = DEBUG;
				SWIFT_OPTIMIZATION_LEVEL = "-Onone";
				SWIFT_VERSION = 5.0;
			};
			name = Debug;
		};
		84F7B83C24A507CB00BBC3C4 /* Release */ = {
			isa = XCBuildConfiguration;
			buildSettings = {
				CODE_SIGN_STYLE = Automatic;
				DEVELOPMENT_TEAM = P56BBK28XQ;
				ENABLE_HARDENED_RUNTIME = YES;
				PRODUCT_NAME = "$(TARGET_NAME)";
				SWIFT_COMPILATION_MODE = wholemodule;
				SWIFT_OPTIMIZATION_LEVEL = "-O";
				SWIFT_VERSION = 5.0;
			};
			name = Release;
		};
/* End XCBuildConfiguration section */

/* Begin XCConfigurationList section */
		8418258624D31D38004814EB /* Build configuration list for PBXNativeTarget "TopSort" */ = {
			isa = XCConfigurationList;
			buildConfigurations = (
				8418258424D31D38004814EB /* Debug */,
				8418258524D31D38004814EB /* Release */,
			);
			defaultConfigurationIsVisible = 0;
			defaultConfigurationName = Release;
		};
		8418259524D3568C004814EB /* Build configuration list for PBXNativeTarget "TomatoFarm" */ = {
			isa = XCConfigurationList;
			buildConfigurations = (
				8418259624D3568C004814EB /* Debug */,
				8418259724D3568C004814EB /* Release */,
			);
			defaultConfigurationIsVisible = 0;
			defaultConfigurationName = Release;
		};
		841825A724D46A02004814EB /* Build configuration list for PBXNativeTarget "Greedy" */ = {
			isa = XCConfigurationList;
			buildConfigurations = (
				841825A524D46A02004814EB /* Debug */,
				841825A624D46A02004814EB /* Release */,
			);
			defaultConfigurationIsVisible = 0;
			defaultConfigurationName = Release;
		};
		8462998224BCB1CB00EC11B3 /* Build configuration list for PBXNativeTarget "Iterator" */ = {
			isa = XCConfigurationList;
			buildConfigurations = (
				8462998024BCB1CB00EC11B3 /* Debug */,
				8462998124BCB1CB00EC11B3 /* Release */,
			);
			defaultConfigurationIsVisible = 0;
			defaultConfigurationName = Release;
		};
		846BE32324DAFF86009C04E6 /* Build configuration list for PBXNativeTarget "MST" */ = {
			isa = XCConfigurationList;
			buildConfigurations = (
				846BE32124DAFF86009C04E6 /* Debug */,
				846BE32224DAFF86009C04E6 /* Release */,
			);
			defaultConfigurationIsVisible = 0;
			defaultConfigurationName = Release;
		};
		8470CFFC24CB2E4E00021D4B /* Build configuration list for PBXNativeTarget "SushiReviews" */ = {
			isa = XCConfigurationList;
			buildConfigurations = (
				8470CFFA24CB2E4E00021D4B /* Debug */,
				8470CFFB24CB2E4E00021D4B /* Release */,
			);
			defaultConfigurationIsVisible = 0;
			defaultConfigurationName = Release;
		};
		8472D0E324B5C6CD000B57C7 /* Build configuration list for PBXNativeTarget "QuickSort" */ = {
			isa = XCConfigurationList;
			buildConfigurations = (
				8472D0E124B5C6CD000B57C7 /* Debug */,
				8472D0E224B5C6CD000B57C7 /* Release */,
			);
			defaultConfigurationIsVisible = 0;
			defaultConfigurationName = Release;
		};
		8487A36C24D06CB000167EEB /* Build configuration list for PBXNativeTarget "UF" */ = {
			isa = XCConfigurationList;
			buildConfigurations = (
				8487A36D24D06CB000167EEB /* Debug */,
				8487A36E24D06CB000167EEB /* Release */,
			);
			defaultConfigurationIsVisible = 0;
			defaultConfigurationName = Release;
		};
		84BF3DB924BF69E300130244 /* Build configuration list for PBXNativeTarget "GroupPresentation" */ = {
			isa = XCConfigurationList;
			buildConfigurations = (
				84BF3DB724BF69E300130244 /* Debug */,
				84BF3DB824BF69E300130244 /* Release */,
			);
			defaultConfigurationIsVisible = 0;
			defaultConfigurationName = Release;
		};
		84C8756C24B8B488008B3525 /* Build configuration list for PBXNativeTarget "NQueen" */ = {
			isa = XCConfigurationList;
			buildConfigurations = (
				84C8756A24B8B488008B3525 /* Debug */,
				84C8756B24B8B488008B3525 /* Release */,
			);
			defaultConfigurationIsVisible = 0;
			defaultConfigurationName = Release;
		};
		84CFBBFD24C028C40085B2C7 /* Build configuration list for PBXNativeTarget "GroupPresentation2" */ = {
			isa = XCConfigurationList;
			buildConfigurations = (
				84CFBBFB24C028C40085B2C7 /* Debug */,
				84CFBBFC24C028C40085B2C7 /* Release */,
			);
			defaultConfigurationIsVisible = 0;
			defaultConfigurationName = Release;
		};
		84D0603524C73FF200564104 /* Build configuration list for PBXNativeTarget "LCA" */ = {
			isa = XCConfigurationList;
			buildConfigurations = (
				84D0603324C73FF200564104 /* Debug */,
				84D0603424C73FF200564104 /* Release */,
			);
			defaultConfigurationIsVisible = 0;
			defaultConfigurationName = Release;
		};
		84D0603E24C757A400564104 /* Build configuration list for PBXNativeTarget "Tree" */ = {
			isa = XCConfigurationList;
			buildConfigurations = (
				84D0603F24C757A400564104 /* Debug */,
				84D0604024C757A400564104 /* Release */,
			);
			defaultConfigurationIsVisible = 0;
			defaultConfigurationName = Release;
		};
		84D26D1C24C9D8CB001915A9 /* Build configuration list for PBXNativeTarget "Graph" */ = {
			isa = XCConfigurationList;
			buildConfigurations = (
				84D26D1A24C9D8CB001915A9 /* Debug */,
				84D26D1B24C9D8CB001915A9 /* Release */,
			);
			defaultConfigurationIsVisible = 0;
			defaultConfigurationName = Release;
		};
		84F7B80124A3937000BBC3C4 /* Build configuration list for PBXProject "CppAGOS" */ = {
			isa = XCConfigurationList;
			buildConfigurations = (
				84F7B80B24A3937000BBC3C4 /* Debug */,
				84F7B80C24A3937000BBC3C4 /* Release */,
			);
			defaultConfigurationIsVisible = 0;
			defaultConfigurationName = Release;
		};
		84F7B80D24A3937000BBC3C4 /* Build configuration list for PBXNativeTarget "CppAGOS" */ = {
			isa = XCConfigurationList;
			buildConfigurations = (
				84F7B80E24A3937000BBC3C4 /* Debug */,
				84F7B80F24A3937000BBC3C4 /* Release */,
			);
			defaultConfigurationIsVisible = 0;
			defaultConfigurationName = Release;
		};
		84F7B81A24A3BFA400BBC3C4 /* Build configuration list for PBXNativeTarget "Recursion" */ = {
			isa = XCConfigurationList;
			buildConfigurations = (
				84F7B81824A3BFA400BBC3C4 /* Debug */,
				84F7B81924A3BFA400BBC3C4 /* Release */,
			);
			defaultConfigurationIsVisible = 0;
			defaultConfigurationName = Release;
		};
		84F7B82424A505DE00BBC3C4 /* Build configuration list for PBXNativeTarget "Evaluation" */ = {
			isa = XCConfigurationList;
			buildConfigurations = (
				84F7B82524A505DE00BBC3C4 /* Debug */,
				84F7B82624A505DE00BBC3C4 /* Release */,
			);
			defaultConfigurationIsVisible = 0;
			defaultConfigurationName = Release;
		};
		84F7B83A24A507CB00BBC3C4 /* Build configuration list for PBXNativeTarget "MiniProject1" */ = {
			isa = XCConfigurationList;
			buildConfigurations = (
				84F7B83B24A507CB00BBC3C4 /* Debug */,
				84F7B83C24A507CB00BBC3C4 /* Release */,
			);
			defaultConfigurationIsVisible = 0;
			defaultConfigurationName = Release;
		};
/* End XCConfigurationList section */
	};
	rootObject = 84F7B7FE24A3937000BBC3C4 /* Project object */;
}
